# THIS IS AN AUTOGENERATED FILE. DO NOT EDIT THIS FILE DIRECTLY.
# yarn lockfile v1


"@types/http-proxy@1.17.3":
  version "1.17.3"
  resolved "https://registry.yarnpkg.com/@types/http-proxy/-/http-proxy-1.17.3.tgz#348e1b808ff9585423cb909e9992d89ccdbf4c14"
  integrity sha512-wIPqXANye5BbORbuh74exbwNzj+UWCwWyeEFJzUQ7Fq3W2NSAy+7x7nX1fgbEypr2/TdKqpeuxLnXWgzN533/Q==
  dependencies:
    "@types/node" "*"

"@types/node@*":
  version "20.11.16"
  resolved "https://registry.yarnpkg.com/@types/node/-/node-20.11.16.tgz#4411f79411514eb8e2926f036c86c9f0e4ec6708"
  integrity sha512-gKb0enTmRCzXSSUJDq6/sPcqrfCv2mkkG6Jt/clpn5eiCbKTY+SgZUxo+p8ZKMof5dCp9vHQUAB7wOUTod22wQ==
  dependencies:
    undici-types "~5.26.4"

eventemitter3@^4.0.0:
  version "4.0.7"
  resolved "https://registry.yarnpkg.com/eventemitter3/-/eventemitter3-4.0.7.tgz#2de9b68f6528d5644ef5c59526a1b4a07306169f"
  integrity sha512-8guHBZCwKnFhYdHr2ysuRWErTwhoN2X8XELRlrRwpmfeY2jjuUN4taQMsULKUVo1K4DvZl+0pgfyoysHxvmvEw==

follow-redirects@^1.0.0:
  version "1.15.5"
  resolved "https://registry.yarnpkg.com/follow-redirects/-/follow-redirects-1.15.5.tgz#54d4d6d062c0fa7d9d17feb008461550e3ba8020"
  integrity sha512-vSFWUON1B+yAw1VN4xMfxgn5fTUiaOzAJCKBwIIgT/+7CuGy9+r+5gITvP62j3RmaD5Ph65UaERdOSRGUzZtgw==

http-proxy@^1.18.1:
  version "1.18.1"
  resolved "https://registry.yarnpkg.com/http-proxy/-/http-proxy-1.18.1.tgz#401541f0534884bbf95260334e72f88ee3976549"
  integrity sha512-7mz/721AbnJwIVbnaSv1Cz3Am0ZLT/UBwkC92VlxhXv/k/BBQfM2fXElQNC27BVGr0uwUpplYPQM9LnaBMR5NQ==
  dependencies:
    eventemitter3 "^4.0.0"
    follow-redirects "^1.0.0"
    requires-port "^1.0.0"

next-http-proxy-middleware@^1.2.6:
  version "1.2.6"
  resolved "https://registry.yarnpkg.com/next-http-proxy-middleware/-/next-http-proxy-middleware-1.2.6.tgz#b954873cb33f519c39312b81b896efb32bb52261"
  integrity sha512-vHmtFLeO+HomU4Fx/CoA4MbLnXya1B17yR5qOmpYZqRjzGa17a9dgXh9ONvquSZdMrIn7bUfjoPLxMkYMtKj3Q==
  dependencies:
    "@types/http-proxy" "1.17.3"
    http-proxy "^1.18.1"

next-themes@^0.2.1:
  version "0.2.1"
  resolved "https://registry.yarnpkg.com/next-themes/-/next-themes-0.2.1.tgz#0c9f128e847979daf6c67f70b38e6b6567856e45"
  integrity sha512-B+AKNfYNIzh0vqQQKqQItTS8evEouKD7H5Hj3kmuPERwddR2TxvDSFZuTj6T7Jfn1oyeUyJMydPl1Bkxkh0W7A==

requires-port@^1.0.0:
  version "1.0.0"
  resolved "https://registry.yarnpkg.com/requires-port/-/requires-port-1.0.0.tgz#925d2601d39ac485e091cf0da5c6e694dc3dcaff"
  integrity sha512-KigOCHcocU3XODJxsu8i/j8T9tzT4adHiecwORRQ0ZZFcp7ahwXuRU1m+yuO90C5ZUyGeGfocHDI14M3L3yDAQ==

undici-types@~5.26.4:
  version "5.26.5"
  resolved "https://registry.yarnpkg.com/undici-types/-/undici-types-5.26.5.tgz#bcd539893d00b56e964fd2657a4866b221a65617"
  integrity sha512-JlCMO+ehdEIKqlFxk6IfVoAUVmgz7cU7zD/h9XZ0qzeosSHmUJVOzSQvvYSYWXkFXC+IfLKSIffhv0sVZup6pA==
